
Microsoft Visual Studio Solution File, Format Version 12.00
# Visual Studio Version 17
VisualStudioVersion = 17.8.34330.188
MinimumVisualStudioVersion = 10.0.40219.1
Project("{9A19103F-16F7-4668-BE54-9A1E7A4F7556}") = "DalFacade", "DalFacade\DalFacade.csproj", "{2AC0FCBD-571A-4527-AA6E-CF793007B004}"
EndProject
Project("{9A19103F-16F7-4668-BE54-9A1E7A4F7556}") = "DalList", "DalList\DalList.csproj", "{2E9EA107-E08E-48A1-8933-0B32C6FD0DAC}"
EndProject
Project("{9A19103F-16F7-4668-BE54-9A1E7A4F7556}") = "DalTest", "DalTest\DalTest.csproj", "{E236E9A9-CC63-4737-AFDF-FB317C528BD3}"
EndProject
Project("{9A19103F-16F7-4668-BE54-9A1E7A4F7556}") = "DalXml", "DalXml\DalXml.csproj", "{071981C1-8AB7-481E-B36F-C502595E3F0B}"
EndProject
Project("{2150E333-8FDC-42A3-9474-1A3956D46DE8}") = "xml", "xml", "{CE10DC14-EB34-4BCD-8D6A-4839F65C673B}"
	ProjectSection(SolutionItems) = preProject
		xml\dal-config.xml = xml\dal-config.xml
		xml\data-config.xml = xml\data-config.xml
		xml\dependencies.xml = xml\dependencies.xml
		xml\engineers.xml = xml\engineers.xml
		xml\tasks.xml = xml\tasks.xml
	EndProjectSection
EndProject
Project("{9A19103F-16F7-4668-BE54-9A1E7A4F7556}") = "BL", "BL\BL.csproj", "{C3551FC5-F971-4213-A1EA-E54AAD67D6AF}"
EndProject
Project("{9A19103F-16F7-4668-BE54-9A1E7A4F7556}") = "BlTest", "BlTest\BlTest.csproj", "{5394441A-55B4-4236-AE21-2EAB7AF4A2FF}"
EndProject
Project("{FAE04EC0-301F-11D3-BF4B-00C04F79EFBC}") = "PL", "PL\PL.csproj", "{B423F035-07DA-4DB4-8079-92ADCEED04D1}"
EndProject
Global
	GlobalSection(SolutionConfigurationPlatforms) = preSolution
		Debug|Any CPU = Debug|Any CPU
		Release|Any CPU = Release|Any CPU
	EndGlobalSection
	GlobalSection(ProjectConfigurationPlatforms) = postSolution
		{2AC0FCBD-571A-4527-AA6E-CF793007B004}.Debug|Any CPU.ActiveCfg = Debug|Any CPU
		{2AC0FCBD-571A-4527-AA6E-CF793007B004}.Debug|Any CPU.Build.0 = Debug|Any CPU
		{2AC0FCBD-571A-4527-AA6E-CF793007B004}.Release|Any CPU.ActiveCfg = Release|Any CPU
		{2AC0FCBD-571A-4527-AA6E-CF793007B004}.Release|Any CPU.Build.0 = Release|Any CPU
		{2E9EA107-E08E-48A1-8933-0B32C6FD0DAC}.Debug|Any CPU.ActiveCfg = Debug|Any CPU
		{2E9EA107-E08E-48A1-8933-0B32C6FD0DAC}.Debug|Any CPU.Build.0 = Debug|Any CPU
		{2E9EA107-E08E-48A1-8933-0B32C6FD0DAC}.Release|Any CPU.ActiveCfg = Release|Any CPU
		{2E9EA107-E08E-48A1-8933-0B32C6FD0DAC}.Release|Any CPU.Build.0 = Release|Any CPU
		{E236E9A9-CC63-4737-AFDF-FB317C528BD3}.Debug|Any CPU.ActiveCfg = Debug|Any CPU
		{E236E9A9-CC63-4737-AFDF-FB317C528BD3}.Debug|Any CPU.Build.0 = Debug|Any CPU
		{E236E9A9-CC63-4737-AFDF-FB317C528BD3}.Release|Any CPU.ActiveCfg = Release|Any CPU
		{E236E9A9-CC63-4737-AFDF-FB317C528BD3}.Release|Any CPU.Build.0 = Release|Any CPU
		{071981C1-8AB7-481E-B36F-C502595E3F0B}.Debug|Any CPU.ActiveCfg = Debug|Any CPU
		{071981C1-8AB7-481E-B36F-C502595E3F0B}.Debug|Any CPU.Build.0 = Debug|Any CPU
		{071981C1-8AB7-481E-B36F-C502595E3F0B}.Release|Any CPU.ActiveCfg = Release|Any CPU
		{071981C1-8AB7-481E-B36F-C502595E3F0B}.Release|Any CPU.Build.0 = Release|Any CPU
		{C3551FC5-F971-4213-A1EA-E54AAD67D6AF}.Debug|Any CPU.ActiveCfg = Debug|Any CPU
		{C3551FC5-F971-4213-A1EA-E54AAD67D6AF}.Debug|Any CPU.Build.0 = Debug|Any CPU
		{C3551FC5-F971-4213-A1EA-E54AAD67D6AF}.Release|Any CPU.ActiveCfg = Release|Any CPU
		{C3551FC5-F971-4213-A1EA-E54AAD67D6AF}.Release|Any CPU.Build.0 = Release|Any CPU
		{5394441A-55B4-4236-AE21-2EAB7AF4A2FF}.Debug|Any CPU.ActiveCfg = Debug|Any CPU
		{5394441A-55B4-4236-AE21-2EAB7AF4A2FF}.Debug|Any CPU.Build.0 = Debug|Any CPU
		{5394441A-55B4-4236-AE21-2EAB7AF4A2FF}.Release|Any CPU.ActiveCfg = Release|Any CPU
		{5394441A-55B4-4236-AE21-2EAB7AF4A2FF}.Release|Any CPU.Build.0 = Release|Any CPU
		{B423F035-07DA-4DB4-8079-92ADCEED04D1}.Debug|Any CPU.ActiveCfg = Debug|Any CPU
		{B423F035-07DA-4DB4-8079-92ADCEED04D1}.Debug|Any CPU.Build.0 = Debug|Any CPU
		{B423F035-07DA-4DB4-8079-92ADCEED04D1}.Release|Any CPU.ActiveCfg = Release|Any CPU
		{B423F035-07DA-4DB4-8079-92ADCEED04D1}.Release|Any CPU.Build.0 = Release|Any CPU
	EndGlobalSection
	GlobalSection(SolutionProperties) = preSolution
		HideSolutionNode = FALSE
	EndGlobalSection
	GlobalSection(ExtensibilityGlobals) = postSolution
		SolutionGuid = {CEC4F375-3879-4A05-93CD-0D2E5B591590}
	EndGlobalSection
EndGlobal
